
Microsoft Visual Studio Solution File, Format Version 12.00
# Visual Studio Version 16
VisualStudioVersion = 16.0.31702.278
MinimumVisualStudioVersion = 10.0.40219.1
Project("{FAE04EC0-301F-11D3-BF4B-00C04F79EFBC}") = "ToursAppNet", "ToursAppNet\ToursAppNet.csproj", "{6A6CF7C5-E632-4CEC-AFD6-F3B84B5CFE79}"
EndProject
Global
	GlobalSection(SolutionConfigurationPlatforms) = preSolution
		Debug|Any CPU = Debug|Any CPU
		Release|Any CPU = Release|Any CPU
	EndGlobalSection
	GlobalSection(ProjectConfigurationPlatforms) = postSolution
		{6A6CF7C5-E632-4CEC-AFD6-F3B84B5CFE79}.Debug|Any CPU.ActiveCfg = Debug|Any CPU
		{6A6CF7C5-E632-4CEC-AFD6-F3B84B5CFE79}.Debug|Any CPU.Build.0 = Debug|Any CPU
		{6A6CF7C5-E632-4CEC-AFD6-F3B84B5CFE79}.Release|Any CPU.ActiveCfg = Release|Any CPU
		{6A6CF7C5-E632-4CEC-AFD6-F3B84B5CFE79}.Release|Any CPU.Build.0 = Release|Any CPU
	EndGlobalSection
	GlobalSection(SolutionProperties) = preSolution
		HideSolutionNode = FALSE
	EndGlobalSection
	GlobalSection(ExtensibilityGlobals) = postSolution
		SolutionGuid = {75AD75AC-667E-4DE1-AF6C-1A3954B48AA0}
	EndGlobalSection
EndGlobal
